
Microsoft Visual Studio Solution File, Format Version 12.00
# Visual Studio Version 17
VisualStudioVersion = 17.13.35828.75 d17.13
MinimumVisualStudioVersion = 10.0.40219.1
Project("{FAE04EC0-301F-11D3-BF4B-00C04F79EFBC}") = "L4", "L4.csproj", "{650BDBDD-55E7-4460-A3DE-C79013A43481}"
EndProject
Global
	GlobalSection(SolutionConfigurationPlatforms) = preSolution
		Debug|Any CPU = Debug|Any CPU
		Release|Any CPU = Release|Any CPU
	EndGlobalSection
	GlobalSection(ProjectConfigurationPlatforms) = postSolution
		{650BDBDD-55E7-4460-A3DE-C79013A43481}.Debug|Any CPU.ActiveCfg = Debug|Any CPU
		{650BDBDD-55E7-4460-A3DE-C79013A43481}.Debug|Any CPU.Build.0 = Debug|Any CPU
		{650BDBDD-55E7-4460-A3DE-C79013A43481}.Release|Any CPU.ActiveCfg = Release|Any CPU
		{650BDBDD-55E7-4460-A3DE-C79013A43481}.Release|Any CPU.Build.0 = Release|Any CPU
	EndGlobalSection
	GlobalSection(SolutionProperties) = preSolution
		HideSolutionNode = FALSE
	EndGlobalSection
	GlobalSection(ExtensibilityGlobals) = postSolution
		SolutionGuid = {B0B42A40-E17E-40D1-80C4-DB3F2E8A2138}
	EndGlobalSection
EndGlobal
