
Microsoft Visual Studio Solution File, Format Version 12.00
# Visual Studio Version 17
VisualStudioVersion = 17.13.35828.75
MinimumVisualStudioVersion = 10.0.40219.1
Project("{FAE04EC0-301F-11D3-BF4B-00C04F79EFBC}") = "L3", "L3.csproj", "{4124B17A-ADBE-4F42-B4BD-915924ADB5A0}"
EndProject
Project("{FAE04EC0-301F-11D3-BF4B-00C04F79EFBC}") = "L3Tests1", "..\L3Tests1\L3Tests1.csproj", "{A93D1B3C-5A2A-438B-97BE-CFFD77A88562}"
EndProject
Global
	GlobalSection(SolutionConfigurationPlatforms) = preSolution
		Debug|Any CPU = Debug|Any CPU
		Release|Any CPU = Release|Any CPU
	EndGlobalSection
	GlobalSection(ProjectConfigurationPlatforms) = postSolution
		{4124B17A-ADBE-4F42-B4BD-915924ADB5A0}.Debug|Any CPU.ActiveCfg = Debug|Any CPU
		{4124B17A-ADBE-4F42-B4BD-915924ADB5A0}.Debug|Any CPU.Build.0 = Debug|Any CPU
		{4124B17A-ADBE-4F42-B4BD-915924ADB5A0}.Release|Any CPU.ActiveCfg = Release|Any CPU
		{4124B17A-ADBE-4F42-B4BD-915924ADB5A0}.Release|Any CPU.Build.0 = Release|Any CPU
		{A93D1B3C-5A2A-438B-97BE-CFFD77A88562}.Debug|Any CPU.ActiveCfg = Debug|Any CPU
		{A93D1B3C-5A2A-438B-97BE-CFFD77A88562}.Debug|Any CPU.Build.0 = Debug|Any CPU
		{A93D1B3C-5A2A-438B-97BE-CFFD77A88562}.Release|Any CPU.ActiveCfg = Release|Any CPU
		{A93D1B3C-5A2A-438B-97BE-CFFD77A88562}.Release|Any CPU.Build.0 = Release|Any CPU
	EndGlobalSection
	GlobalSection(SolutionProperties) = preSolution
		HideSolutionNode = FALSE
	EndGlobalSection
	GlobalSection(ExtensibilityGlobals) = postSolution
		SolutionGuid = {C2563940-0205-43B2-981A-CC3F7CFA2760}
	EndGlobalSection
EndGlobal
